
Microsoft Visual Studio Solution File, Format Version 12.00
# Visual Studio 15
VisualStudioVersion = 15.0.28307.421
MinimumVisualStudioVersion = 10.0.40219.1
Project("{9A19103F-16F7-4668-BE54-9A1E7A4F7556}") = "Shop.Common", "Shop.Common\Shop.Common.csproj", "{C32D1DD8-8686-4624-8F64-9A4C0DA0ADA5}"
EndProject
Project("{2150E333-8FDC-42A3-9474-1A3956D46DE8}") = "Backend", "Backend", "{BB1F6F2B-F83C-4650-BD55-D7DD75E6F073}"
EndProject
Project("{2150E333-8FDC-42A3-9474-1A3956D46DE8}") = "Frontend", "Frontend", "{2CB689E2-AA32-4964-8565-A38626149249}"
EndProject
Project("{9A19103F-16F7-4668-BE54-9A1E7A4F7556}") = "Shop.Web", "Shop.Web\Shop.Web.csproj", "{31FF5944-BBA1-4DB3-A173-6AE22EC51734}"
EndProject
Project("{2150E333-8FDC-42A3-9474-1A3956D46DE8}") = "Forms", "Forms", "{C6287514-4953-4B06-8F51-592F9027C89B}"
EndProject
Project("{2150E333-8FDC-42A3-9474-1A3956D46DE8}") = "Classic", "Classic", "{246A8697-1399-4243-A961-52052A357A04}"
EndProject
Project("{FAE04EC0-301F-11D3-BF4B-00C04F79EFBC}") = "Shop.UIForms.Android", "Shop.UIForms\Shop.UIForms.Android\Shop.UIForms.Android.csproj", "{089C68E0-63F5-47D2-8FA9-B054F2E86E98}"
EndProject
Project("{9A19103F-16F7-4668-BE54-9A1E7A4F7556}") = "Shop.UIForms", "Shop.UIForms\Shop.UIForms\Shop.UIForms.csproj", "{8181B415-8186-4924-B84E-4586B09896D7}"
EndProject
Project("{9A19103F-16F7-4668-BE54-9A1E7A4F7556}") = "Shop.UIClassic", "Shop.UIClassic\Shop.UIClassic.csproj", "{6EBAE99F-5469-4DAE-BE97-0C71A4FADDA2}"
EndProject
Project("{FAE04EC0-301F-11D3-BF4B-00C04F79EFBC}") = "Shop.UIClassic.Android", "Shop.UIClassic.Android\Shop.UIClassic.Android.csproj", "{58BA7F01-66B8-45EC-8508-B2E689197147}"
EndProject
Global
	GlobalSection(SolutionConfigurationPlatforms) = preSolution
		Ad-Hoc|Any CPU = Ad-Hoc|Any CPU
		Ad-Hoc|iPhone = Ad-Hoc|iPhone
		Ad-Hoc|iPhoneSimulator = Ad-Hoc|iPhoneSimulator
		AppStore|Any CPU = AppStore|Any CPU
		AppStore|iPhone = AppStore|iPhone
		AppStore|iPhoneSimulator = AppStore|iPhoneSimulator
		Debug|Any CPU = Debug|Any CPU
		Debug|iPhone = Debug|iPhone
		Debug|iPhoneSimulator = Debug|iPhoneSimulator
		Release|Any CPU = Release|Any CPU
		Release|iPhone = Release|iPhone
		Release|iPhoneSimulator = Release|iPhoneSimulator
	EndGlobalSection
	GlobalSection(ProjectConfigurationPlatforms) = postSolution
		{C32D1DD8-8686-4624-8F64-9A4C0DA0ADA5}.Ad-Hoc|Any CPU.ActiveCfg = Release|Any CPU
		{C32D1DD8-8686-4624-8F64-9A4C0DA0ADA5}.Ad-Hoc|Any CPU.Build.0 = Release|Any CPU
		{C32D1DD8-8686-4624-8F64-9A4C0DA0ADA5}.Ad-Hoc|iPhone.ActiveCfg = Release|Any CPU
		{C32D1DD8-8686-4624-8F64-9A4C0DA0ADA5}.Ad-Hoc|iPhone.Build.0 = Release|Any CPU
		{C32D1DD8-8686-4624-8F64-9A4C0DA0ADA5}.Ad-Hoc|iPhoneSimulator.ActiveCfg = Release|Any CPU
		{C32D1DD8-8686-4624-8F64-9A4C0DA0ADA5}.Ad-Hoc|iPhoneSimulator.Build.0 = Release|Any CPU
		{C32D1DD8-8686-4624-8F64-9A4C0DA0ADA5}.AppStore|Any CPU.ActiveCfg = Release|Any CPU
		{C32D1DD8-8686-4624-8F64-9A4C0DA0ADA5}.AppStore|Any CPU.Build.0 = Release|Any CPU
		{C32D1DD8-8686-4624-8F64-9A4C0DA0ADA5}.AppStore|iPhone.ActiveCfg = Release|Any CPU
		{C32D1DD8-8686-4624-8F64-9A4C0DA0ADA5}.AppStore|iPhone.Build.0 = Release|Any CPU
		{C32D1DD8-8686-4624-8F64-9A4C0DA0ADA5}.AppStore|iPhoneSimulator.ActiveCfg = Release|Any CPU
		{C32D1DD8-8686-4624-8F64-9A4C0DA0ADA5}.AppStore|iPhoneSimulator.Build.0 = Release|Any CPU
		{C32D1DD8-8686-4624-8F64-9A4C0DA0ADA5}.Debug|Any CPU.ActiveCfg = Debug|Any CPU
		{C32D1DD8-8686-4624-8F64-9A4C0DA0ADA5}.Debug|Any CPU.Build.0 = Debug|Any CPU
		{C32D1DD8-8686-4624-8F64-9A4C0DA0ADA5}.Debug|iPhone.ActiveCfg = Debug|Any CPU
		{C32D1DD8-8686-4624-8F64-9A4C0DA0ADA5}.Debug|iPhone.Build.0 = Debug|Any CPU
		{C32D1DD8-8686-4624-8F64-9A4C0DA0ADA5}.Debug|iPhoneSimulator.ActiveCfg = Debug|Any CPU
		{C32D1DD8-8686-4624-8F64-9A4C0DA0ADA5}.Debug|iPhoneSimulator.Build.0 = Debug|Any CPU
		{C32D1DD8-8686-4624-8F64-9A4C0DA0ADA5}.Release|Any CPU.ActiveCfg = Release|Any CPU
		{C32D1DD8-8686-4624-8F64-9A4C0DA0ADA5}.Release|Any CPU.Build.0 = Release|Any CPU
		{C32D1DD8-8686-4624-8F64-9A4C0DA0ADA5}.Release|iPhone.ActiveCfg = Release|Any CPU
		{C32D1DD8-8686-4624-8F64-9A4C0DA0ADA5}.Release|iPhone.Build.0 = Release|Any CPU
		{C32D1DD8-8686-4624-8F64-9A4C0DA0ADA5}.Release|iPhoneSimulator.ActiveCfg = Release|Any CPU
		{C32D1DD8-8686-4624-8F64-9A4C0DA0ADA5}.Release|iPhoneSimulator.Build.0 = Release|Any CPU
		{31FF5944-BBA1-4DB3-A173-6AE22EC51734}.Ad-Hoc|Any CPU.ActiveCfg = Release|Any CPU
		{31FF5944-BBA1-4DB3-A173-6AE22EC51734}.Ad-Hoc|Any CPU.Build.0 = Release|Any CPU
		{31FF5944-BBA1-4DB3-A173-6AE22EC51734}.Ad-Hoc|iPhone.ActiveCfg = Release|Any CPU
		{31FF5944-BBA1-4DB3-A173-6AE22EC51734}.Ad-Hoc|iPhone.Build.0 = Release|Any CPU
		{31FF5944-BBA1-4DB3-A173-6AE22EC51734}.Ad-Hoc|iPhoneSimulator.ActiveCfg = Release|Any CPU
		{31FF5944-BBA1-4DB3-A173-6AE22EC51734}.Ad-Hoc|iPhoneSimulator.Build.0 = Release|Any CPU
		{31FF5944-BBA1-4DB3-A173-6AE22EC51734}.AppStore|Any CPU.ActiveCfg = Release|Any CPU
		{31FF5944-BBA1-4DB3-A173-6AE22EC51734}.AppStore|Any CPU.Build.0 = Release|Any CPU
		{31FF5944-BBA1-4DB3-A173-6AE22EC51734}.AppStore|iPhone.ActiveCfg = Release|Any CPU
		{31FF5944-BBA1-4DB3-A173-6AE22EC51734}.AppStore|iPhone.Build.0 = Release|Any CPU
		{31FF5944-BBA1-4DB3-A173-6AE22EC51734}.AppStore|iPhoneSimulator.ActiveCfg = Release|Any CPU
		{31FF5944-BBA1-4DB3-A173-6AE22EC51734}.AppStore|iPhoneSimulator.Build.0 = Release|Any CPU
		{31FF5944-BBA1-4DB3-A173-6AE22EC51734}.Debug|Any CPU.ActiveCfg = Debug|Any CPU
		{31FF5944-BBA1-4DB3-A173-6AE22EC51734}.Debug|Any CPU.Build.0 = Debug|Any CPU
		{31FF5944-BBA1-4DB3-A173-6AE22EC51734}.Debug|iPhone.ActiveCfg = Debug|Any CPU
		{31FF5944-BBA1-4DB3-A173-6AE22EC51734}.Debug|iPhone.Build.0 = Debug|Any CPU
		{31FF5944-BBA1-4DB3-A173-6AE22EC51734}.Debug|iPhoneSimulator.ActiveCfg = Debug|Any CPU
		{31FF5944-BBA1-4DB3-A173-6AE22EC51734}.Debug|iPhoneSimulator.Build.0 = Debug|Any CPU
		{31FF5944-BBA1-4DB3-A173-6AE22EC51734}.Release|Any CPU.ActiveCfg = Release|Any CPU
		{31FF5944-BBA1-4DB3-A173-6AE22EC51734}.Release|Any CPU.Build.0 = Release|Any CPU
		{31FF5944-BBA1-4DB3-A173-6AE22EC51734}.Release|iPhone.ActiveCfg = Release|Any CPU
		{31FF5944-BBA1-4DB3-A173-6AE22EC51734}.Release|iPhone.Build.0 = Release|Any CPU
		{31FF5944-BBA1-4DB3-A173-6AE22EC51734}.Release|iPhoneSimulator.ActiveCfg = Release|Any CPU
		{31FF5944-BBA1-4DB3-A173-6AE22EC51734}.Release|iPhoneSimulator.Build.0 = Release|Any CPU
		{089C68E0-63F5-47D2-8FA9-B054F2E86E98}.Ad-Hoc|Any CPU.ActiveCfg = Release|Any CPU
		{089C68E0-63F5-47D2-8FA9-B054F2E86E98}.Ad-Hoc|Any CPU.Build.0 = Release|Any CPU
		{089C68E0-63F5-47D2-8FA9-B054F2E86E98}.Ad-Hoc|Any CPU.Deploy.0 = Release|Any CPU
		{089C68E0-63F5-47D2-8FA9-B054F2E86E98}.Ad-Hoc|iPhone.ActiveCfg = Release|Any CPU
		{089C68E0-63F5-47D2-8FA9-B054F2E86E98}.Ad-Hoc|iPhone.Build.0 = Release|Any CPU
		{089C68E0-63F5-47D2-8FA9-B054F2E86E98}.Ad-Hoc|iPhone.Deploy.0 = Release|Any CPU
		{089C68E0-63F5-47D2-8FA9-B054F2E86E98}.Ad-Hoc|iPhoneSimulator.ActiveCfg = Release|Any CPU
		{089C68E0-63F5-47D2-8FA9-B054F2E86E98}.Ad-Hoc|iPhoneSimulator.Build.0 = Release|Any CPU
		{089C68E0-63F5-47D2-8FA9-B054F2E86E98}.Ad-Hoc|iPhoneSimulator.Deploy.0 = Release|Any CPU
		{089C68E0-63F5-47D2-8FA9-B054F2E86E98}.AppStore|Any CPU.ActiveCfg = Release|Any CPU
		{089C68E0-63F5-47D2-8FA9-B054F2E86E98}.AppStore|Any CPU.Build.0 = Release|Any CPU
		{089C68E0-63F5-47D2-8FA9-B054F2E86E98}.AppStore|Any CPU.Deploy.0 = Release|Any CPU
		{089C68E0-63F5-47D2-8FA9-B054F2E86E98}.AppStore|iPhone.ActiveCfg = Release|Any CPU
		{089C68E0-63F5-47D2-8FA9-B054F2E86E98}.AppStore|iPhone.Build.0 = Release|Any CPU
		{089C68E0-63F5-47D2-8FA9-B054F2E86E98}.AppStore|iPhone.Deploy.0 = Release|Any CPU
		{089C68E0-63F5-47D2-8FA9-B054F2E86E98}.AppStore|iPhoneSimulator.ActiveCfg = Release|Any CPU
		{089C68E0-63F5-47D2-8FA9-B054F2E86E98}.AppStore|iPhoneSimulator.Build.0 = Release|Any CPU
		{089C68E0-63F5-47D2-8FA9-B054F2E86E98}.AppStore|iPhoneSimulator.Deploy.0 = Release|Any CPU
		{089C68E0-63F5-47D2-8FA9-B054F2E86E98}.Debug|Any CPU.ActiveCfg = Debug|Any CPU
		{089C68E0-63F5-47D2-8FA9-B054F2E86E98}.Debug|Any CPU.Build.0 = Debug|Any CPU
		{089C68E0-63F5-47D2-8FA9-B054F2E86E98}.Debug|Any CPU.Deploy.0 = Debug|Any CPU
		{089C68E0-63F5-47D2-8FA9-B054F2E86E98}.Debug|iPhone.ActiveCfg = Debug|Any CPU
		{089C68E0-63F5-47D2-8FA9-B054F2E86E98}.Debug|iPhone.Build.0 = Debug|Any CPU
		{089C68E0-63F5-47D2-8FA9-B054F2E86E98}.Debug|iPhone.Deploy.0 = Debug|Any CPU
		{089C68E0-63F5-47D2-8FA9-B054F2E86E98}.Debug|iPhoneSimulator.ActiveCfg = Debug|Any CPU
		{089C68E0-63F5-47D2-8FA9-B054F2E86E98}.Debug|iPhoneSimulator.Build.0 = Debug|Any CPU
		{089C68E0-63F5-47D2-8FA9-B054F2E86E98}.Debug|iPhoneSimulator.Deploy.0 = Debug|Any CPU
		{089C68E0-63F5-47D2-8FA9-B054F2E86E98}.Release|Any CPU.ActiveCfg = Release|Any CPU
		{089C68E0-63F5-47D2-8FA9-B054F2E86E98}.Release|Any CPU.Build.0 = Release|Any CPU
		{089C68E0-63F5-47D2-8FA9-B054F2E86E98}.Release|Any CPU.Deploy.0 = Release|Any CPU
		{089C68E0-63F5-47D2-8FA9-B054F2E86E98}.Release|iPhone.ActiveCfg = Release|Any CPU
		{089C68E0-63F5-47D2-8FA9-B054F2E86E98}.Release|iPhone.Build.0 = Release|Any CPU
		{089C68E0-63F5-47D2-8FA9-B054F2E86E98}.Release|iPhone.Deploy.0 = Release|Any CPU
		{089C68E0-63F5-47D2-8FA9-B054F2E86E98}.Release|iPhoneSimulator.ActiveCfg = Release|Any CPU
		{089C68E0-63F5-47D2-8FA9-B054F2E86E98}.Release|iPhoneSimulator.Build.0 = Release|Any CPU
		{089C68E0-63F5-47D2-8FA9-B054F2E86E98}.Release|iPhoneSimulator.Deploy.0 = Release|Any CPU
		{8181B415-8186-4924-B84E-4586B09896D7}.Ad-Hoc|Any CPU.ActiveCfg = Debug|Any CPU
		{8181B415-8186-4924-B84E-4586B09896D7}.Ad-Hoc|Any CPU.Build.0 = Debug|Any CPU
		{8181B415-8186-4924-B84E-4586B09896D7}.Ad-Hoc|iPhone.ActiveCfg = Debug|Any CPU
		{8181B415-8186-4924-B84E-4586B09896D7}.Ad-Hoc|iPhone.Build.0 = Debug|Any CPU
		{8181B415-8186-4924-B84E-4586B09896D7}.Ad-Hoc|iPhoneSimulator.ActiveCfg = Debug|Any CPU
		{8181B415-8186-4924-B84E-4586B09896D7}.Ad-Hoc|iPhoneSimulator.Build.0 = Debug|Any CPU
		{8181B415-8186-4924-B84E-4586B09896D7}.AppStore|Any CPU.ActiveCfg = Debug|Any CPU
		{8181B415-8186-4924-B84E-4586B09896D7}.AppStore|Any CPU.Build.0 = Debug|Any CPU
		{8181B415-8186-4924-B84E-4586B09896D7}.AppStore|iPhone.ActiveCfg = Debug|Any CPU
		{8181B415-8186-4924-B84E-4586B09896D7}.AppStore|iPhone.Build.0 = Debug|Any CPU
		{8181B415-8186-4924-B84E-4586B09896D7}.AppStore|iPhoneSimulator.ActiveCfg = Debug|Any CPU
		{8181B415-8186-4924-B84E-4586B09896D7}.AppStore|iPhoneSimulator.Build.0 = Debug|Any CPU
		{8181B415-8186-4924-B84E-4586B09896D7}.Debug|Any CPU.ActiveCfg = Debug|Any CPU
		{8181B415-8186-4924-B84E-4586B09896D7}.Debug|Any CPU.Build.0 = Debug|Any CPU
		{8181B415-8186-4924-B84E-4586B09896D7}.Debug|iPhone.ActiveCfg = Debug|Any CPU
		{8181B415-8186-4924-B84E-4586B09896D7}.Debug|iPhone.Build.0 = Debug|Any CPU
		{8181B415-8186-4924-B84E-4586B09896D7}.Debug|iPhoneSimulator.ActiveCfg = Debug|Any CPU
		{8181B415-8186-4924-B84E-4586B09896D7}.Debug|iPhoneSimulator.Build.0 = Debug|Any CPU
		{8181B415-8186-4924-B84E-4586B09896D7}.Release|Any CPU.ActiveCfg = Release|Any CPU
		{8181B415-8186-4924-B84E-4586B09896D7}.Release|Any CPU.Build.0 = Release|Any CPU
		{8181B415-8186-4924-B84E-4586B09896D7}.Release|iPhone.ActiveCfg = Release|Any CPU
		{8181B415-8186-4924-B84E-4586B09896D7}.Release|iPhone.Build.0 = Release|Any CPU
		{8181B415-8186-4924-B84E-4586B09896D7}.Release|iPhoneSimulator.ActiveCfg = Release|Any CPU
		{8181B415-8186-4924-B84E-4586B09896D7}.Release|iPhoneSimulator.Build.0 = Release|Any CPU
		{6EBAE99F-5469-4DAE-BE97-0C71A4FADDA2}.Ad-Hoc|Any CPU.ActiveCfg = Debug|Any CPU
		{6EBAE99F-5469-4DAE-BE97-0C71A4FADDA2}.Ad-Hoc|Any CPU.Build.0 = Debug|Any CPU
		{6EBAE99F-5469-4DAE-BE97-0C71A4FADDA2}.Ad-Hoc|iPhone.ActiveCfg = Debug|Any CPU
		{6EBAE99F-5469-4DAE-BE97-0C71A4FADDA2}.Ad-Hoc|iPhone.Build.0 = Debug|Any CPU
		{6EBAE99F-5469-4DAE-BE97-0C71A4FADDA2}.Ad-Hoc|iPhoneSimulator.ActiveCfg = Debug|Any CPU
		{6EBAE99F-5469-4DAE-BE97-0C71A4FADDA2}.Ad-Hoc|iPhoneSimulator.Build.0 = Debug|Any CPU
		{6EBAE99F-5469-4DAE-BE97-0C71A4FADDA2}.AppStore|Any CPU.ActiveCfg = Debug|Any CPU
		{6EBAE99F-5469-4DAE-BE97-0C71A4FADDA2}.AppStore|Any CPU.Build.0 = Debug|Any CPU
		{6EBAE99F-5469-4DAE-BE97-0C71A4FADDA2}.AppStore|iPhone.ActiveCfg = Debug|Any CPU
		{6EBAE99F-5469-4DAE-BE97-0C71A4FADDA2}.AppStore|iPhone.Build.0 = Debug|Any CPU
		{6EBAE99F-5469-4DAE-BE97-0C71A4FADDA2}.AppStore|iPhoneSimulator.ActiveCfg = Debug|Any CPU
		{6EBAE99F-5469-4DAE-BE97-0C71A4FADDA2}.AppStore|iPhoneSimulator.Build.0 = Debug|Any CPU
		{6EBAE99F-5469-4DAE-BE97-0C71A4FADDA2}.Debug|Any CPU.ActiveCfg = Debug|Any CPU
		{6EBAE99F-5469-4DAE-BE97-0C71A4FADDA2}.Debug|Any CPU.Build.0 = Debug|Any CPU
		{6EBAE99F-5469-4DAE-BE97-0C71A4FADDA2}.Debug|iPhone.ActiveCfg = Debug|Any CPU
		{6EBAE99F-5469-4DAE-BE97-0C71A4FADDA2}.Debug|iPhone.Build.0 = Debug|Any CPU
		{6EBAE99F-5469-4DAE-BE97-0C71A4FADDA2}.Debug|iPhoneSimulator.ActiveCfg = Debug|Any CPU
		{6EBAE99F-5469-4DAE-BE97-0C71A4FADDA2}.Debug|iPhoneSimulator.Build.0 = Debug|Any CPU
		{6EBAE99F-5469-4DAE-BE97-0C71A4FADDA2}.Release|Any CPU.ActiveCfg = Release|Any CPU
		{6EBAE99F-5469-4DAE-BE97-0C71A4FADDA2}.Release|Any CPU.Build.0 = Release|Any CPU
		{6EBAE99F-5469-4DAE-BE97-0C71A4FADDA2}.Release|iPhone.ActiveCfg = Release|Any CPU
		{6EBAE99F-5469-4DAE-BE97-0C71A4FADDA2}.Release|iPhone.Build.0 = Release|Any CPU
		{6EBAE99F-5469-4DAE-BE97-0C71A4FADDA2}.Release|iPhoneSimulator.ActiveCfg = Release|Any CPU
		{6EBAE99F-5469-4DAE-BE97-0C71A4FADDA2}.Release|iPhoneSimulator.Build.0 = Release|Any CPU
		{58BA7F01-66B8-45EC-8508-B2E689197147}.Ad-Hoc|Any CPU.ActiveCfg = Release|Any CPU
		{58BA7F01-66B8-45EC-8508-B2E689197147}.Ad-Hoc|Any CPU.Build.0 = Release|Any CPU
		{58BA7F01-66B8-45EC-8508-B2E689197147}.Ad-Hoc|Any CPU.Deploy.0 = Release|Any CPU
		{58BA7F01-66B8-45EC-8508-B2E689197147}.Ad-Hoc|iPhone.ActiveCfg = Release|Any CPU
		{58BA7F01-66B8-45EC-8508-B2E689197147}.Ad-Hoc|iPhone.Build.0 = Release|Any CPU
		{58BA7F01-66B8-45EC-8508-B2E689197147}.Ad-Hoc|iPhone.Deploy.0 = Release|Any CPU
		{58BA7F01-66B8-45EC-8508-B2E689197147}.Ad-Hoc|iPhoneSimulator.ActiveCfg = Release|Any CPU
		{58BA7F01-66B8-45EC-8508-B2E689197147}.Ad-Hoc|iPhoneSimulator.Build.0 = Release|Any CPU
		{58BA7F01-66B8-45EC-8508-B2E689197147}.Ad-Hoc|iPhoneSimulator.Deploy.0 = Release|Any CPU
		{58BA7F01-66B8-45EC-8508-B2E689197147}.AppStore|Any CPU.ActiveCfg = Release|Any CPU
		{58BA7F01-66B8-45EC-8508-B2E689197147}.AppStore|Any CPU.Build.0 = Release|Any CPU
		{58BA7F01-66B8-45EC-8508-B2E689197147}.AppStore|Any CPU.Deploy.0 = Release|Any CPU
		{58BA7F01-66B8-45EC-8508-B2E689197147}.AppStore|iPhone.ActiveCfg = Release|Any CPU
		{58BA7F01-66B8-45EC-8508-B2E689197147}.AppStore|iPhone.Build.0 = Release|Any CPU
		{58BA7F01-66B8-45EC-8508-B2E689197147}.AppStore|iPhone.Deploy.0 = Release|Any CPU
		{58BA7F01-66B8-45EC-8508-B2E689197147}.AppStore|iPhoneSimulator.ActiveCfg = Release|Any CPU
		{58BA7F01-66B8-45EC-8508-B2E689197147}.AppStore|iPhoneSimulator.Build.0 = Release|Any CPU
		{58BA7F01-66B8-45EC-8508-B2E689197147}.AppStore|iPhoneSimulator.Deploy.0 = Release|Any CPU
		{58BA7F01-66B8-45EC-8508-B2E689197147}.Debug|Any CPU.ActiveCfg = Debug|Any CPU
		{58BA7F01-66B8-45EC-8508-B2E689197147}.Debug|Any CPU.Build.0 = Debug|Any CPU
		{58BA7F01-66B8-45EC-8508-B2E689197147}.Debug|Any CPU.Deploy.0 = Debug|Any CPU
		{58BA7F01-66B8-45EC-8508-B2E689197147}.Debug|iPhone.ActiveCfg = Debug|Any CPU
		{58BA7F01-66B8-45EC-8508-B2E689197147}.Debug|iPhone.Build.0 = Debug|Any CPU
		{58BA7F01-66B8-45EC-8508-B2E689197147}.Debug|iPhone.Deploy.0 = Debug|Any CPU
		{58BA7F01-66B8-45EC-8508-B2E689197147}.Debug|iPhoneSimulator.ActiveCfg = Debug|Any CPU
		{58BA7F01-66B8-45EC-8508-B2E689197147}.Debug|iPhoneSimulator.Build.0 = Debug|Any CPU
		{58BA7F01-66B8-45EC-8508-B2E689197147}.Debug|iPhoneSimulator.Deploy.0 = Debug|Any CPU
		{58BA7F01-66B8-45EC-8508-B2E689197147}.Release|Any CPU.ActiveCfg = Release|Any CPU
		{58BA7F01-66B8-45EC-8508-B2E689197147}.Release|Any CPU.Build.0 = Release|Any CPU
		{58BA7F01-66B8-45EC-8508-B2E689197147}.Release|Any CPU.Deploy.0 = Release|Any CPU
		{58BA7F01-66B8-45EC-8508-B2E689197147}.Release|iPhone.ActiveCfg = Release|Any CPU
		{58BA7F01-66B8-45EC-8508-B2E689197147}.Release|iPhone.Build.0 = Release|Any CPU
		{58BA7F01-66B8-45EC-8508-B2E689197147}.Release|iPhone.Deploy.0 = Release|Any CPU
		{58BA7F01-66B8-45EC-8508-B2E689197147}.Release|iPhoneSimulator.ActiveCfg = Release|Any CPU
		{58BA7F01-66B8-45EC-8508-B2E689197147}.Release|iPhoneSimulator.Build.0 = Release|Any CPU
		{58BA7F01-66B8-45EC-8508-B2E689197147}.Release|iPhoneSimulator.Deploy.0 = Release|Any CPU
	EndGlobalSection
	GlobalSection(SolutionProperties) = preSolution
		HideSolutionNode = FALSE
	EndGlobalSection
	GlobalSection(NestedProjects) = preSolution
		{31FF5944-BBA1-4DB3-A173-6AE22EC51734} = {BB1F6F2B-F83C-4650-BD55-D7DD75E6F073}
		{C6287514-4953-4B06-8F51-592F9027C89B} = {2CB689E2-AA32-4964-8565-A38626149249}
		{246A8697-1399-4243-A961-52052A357A04} = {2CB689E2-AA32-4964-8565-A38626149249}
		{089C68E0-63F5-47D2-8FA9-B054F2E86E98} = {C6287514-4953-4B06-8F51-592F9027C89B}
		{8181B415-8186-4924-B84E-4586B09896D7} = {C6287514-4953-4B06-8F51-592F9027C89B}
		{6EBAE99F-5469-4DAE-BE97-0C71A4FADDA2} = {246A8697-1399-4243-A961-52052A357A04}
		{58BA7F01-66B8-45EC-8508-B2E689197147} = {246A8697-1399-4243-A961-52052A357A04}
	EndGlobalSection
	GlobalSection(ExtensibilityGlobals) = postSolution
		SolutionGuid = {9437C4F1-7A42-4C67-8690-026531E4F4D9}
	EndGlobalSection
EndGlobal
